Microsoft Visual Studio Solution File, Format Version 12.00
# Visual Studio Version 17
VisualStudioVersion = 17.5.2.0
MinimumVisualStudioVersion = 10.0.40219.1
Project("{FAE04EC0-301F-11D3-BF4B-00C04F79EFBC}") = "BloodBankManagementSystem", "BloodBankManagementSystem\BloodBankManagementSystem.csproj", "{AB466F7C-0231-C594-A5C2-0367695FACBB}"
EndProject
Global
	GlobalSection(SolutionConfigurationPlatforms) = preSolution
		Debug|Any CPU = Debug|Any CPU
		Release|Any CPU = Release|Any CPU
	EndGlobalSection
	GlobalSection(ProjectConfigurationPlatforms) = postSolution
		{AB466F7C-0231-C594-A5C2-0367695FACBB}.Debug|Any CPU.ActiveCfg = Debug|Any CPU
		{AB466F7C-0231-C594-A5C2-0367695FACBB}.Debug|Any CPU.Build.0 = Debug|Any CPU
		{AB466F7C-0231-C594-A5C2-0367695FACBB}.Release|Any CPU.ActiveCfg = Release|Any CPU
		{AB466F7C-0231-C594-A5C2-0367695FACBB}.Release|Any CPU.Build.0 = Release|Any CPU
	EndGlobalSection
	GlobalSection(SolutionProperties) = preSolution
		HideSolutionNode = FALSE
	EndGlobalSection
	GlobalSection(ExtensibilityGlobals) = postSolution
		SolutionGuid = {6608AA38-4825-4800-A6C1-DDE7345A274A}
	EndGlobalSection
EndGlobal
